
Microsoft Visual Studio Solution File, Format Version 12.00
# Visual Studio Version 17
VisualStudioVersion = 17.1.32421.90
MinimumVisualStudioVersion = 10.0.40219.1
Project("{FAE04EC0-301F-11D3-BF4B-00C04F79EFBC}") = "la-mia-pizzeria-static", "la-mia-pizzeria-static.csproj", "{EAF9E52B-B0B4-4C42-8A27-3EC3BCF4F60B}"
EndProject
Global
	GlobalSection(SolutionConfigurationPlatforms) = preSolution
		Debug|Any CPU = Debug|Any CPU
		Release|Any CPU = Release|Any CPU
	EndGlobalSection
	GlobalSection(ProjectConfigurationPlatforms) = postSolution
		{EAF9E52B-B0B4-4C42-8A27-3EC3BCF4F60B}.Debug|Any CPU.ActiveCfg = Debug|Any CPU
		{EAF9E52B-B0B4-4C42-8A27-3EC3BCF4F60B}.Debug|Any CPU.Build.0 = Debug|Any CPU
		{EAF9E52B-B0B4-4C42-8A27-3EC3BCF4F60B}.Release|Any CPU.ActiveCfg = Release|Any CPU
		{EAF9E52B-B0B4-4C42-8A27-3EC3BCF4F60B}.Release|Any CPU.Build.0 = Release|Any CPU
	EndGlobalSection
	GlobalSection(SolutionProperties) = preSolution
		HideSolutionNode = FALSE
	EndGlobalSection
	GlobalSection(ExtensibilityGlobals) = postSolution
		SolutionGuid = {83EA86C2-C3FC-454B-BB37-7C5D7B004AEB}
	EndGlobalSection
EndGlobal
